{
  "name": "chap19",
  "version": "1.0.0",
  "lockfileVersion": 1,
  "requires": true,
  "dependencies": {
    "fs-access": {
      "version": "1.0.1",
      "resolved": "http://registry.npm.taobao.org/fs-access/download/fs-access-1.0.1.tgz",
      "requires": {
        "null-check": "^1.0.0"
      },
      "dependencies": {
        "null-check": {
          "version": "http://registry.npm.taobao.org/null-check/download/null-check-1.0.0.tgz"
        }
      }
    },
    "isexe": {
      "version": "2.0.0",
      "resolved": "http://registry.npm.taobao.org/isexe/download/isexe-2.0.0.tgz"
    },
    "karma-chrome-launcher": {
      "version": "2.2.0",
      "resolved": "https://registry.npmjs.org/karma-chrome-launcher/-/karma-chrome-launcher-2.2.0.tgz",
      "integrity": "sha512-uf/ZVpAabDBPvdPdveyk1EPgbnloPvFFGgmRhYLTDH7gEB4nZdSBk8yTU47w1g/drLSx5uMOkjKk7IWKfWg/+w==",
      "dev": true,
      "requires": {
        "fs-access": "^1.0.0",
        "which": "^1.2.1"
      },
      "dependencies": {
        "fs-access": {
          "version": "1.0.1",
          "resolved": "http://registry.npmjs.org/fs-access/-/fs-access-1.0.1.tgz",
          "integrity": "sha1-1qh/JiJxzv6+wwxVNAf7mV2od3o=",
          "dev": true,
          "requires": {
            "null-check": "^1.0.0"
          }
        },
        "which": {
          "version": "1.3.1",
          "resolved": "https://registry.npmjs.org/which/-/which-1.3.1.tgz",
          "integrity": "sha512-HxJdYWq1MTIQbJ3nw0cqssHoTNU267KlrDuGZ1WYlxDStUtKUhOaJmh112/TZmHxxUfuJqPXSOm7tDyas0OSIQ==",
          "dev": true,
          "requires": {
            "isexe": "^2.0.0"
          }
        }
      }
    },
    "karma-jasmine": {
      "version": "1.1.2",
      "resolved": "http://registry.npm.taobao.org/karma-jasmine/download/karma-jasmine-1.1.2.tgz",
      "dev": true
    },
    "null-check": {
      "version": "1.0.0",
      "resolved": "http://registry.npm.taobao.org/null-check/download/null-check-1.0.0.tgz"
    },
    "which": {
      "version": "1.3.1",
      "resolved": "http://registry.npm.taobao.org/which/download/which-1.3.1.tgz",
      "requires": {
        "isexe": "^2.0.0"
      },
      "dependencies": {
        "isexe": {
          "version": "http://registry.npm.taobao.org/isexe/download/isexe-2.0.0.tgz"
        }
      }
    }
  }
}
